
Microsoft Visual Studio Solution File, Format Version 12.00
# Visual Studio Version 17
VisualStudioVersion = 17.10.34928.147
MinimumVisualStudioVersion = 10.0.40219.1
Project("{9A19103F-16F7-4668-BE54-9A1E7A4F7556}") = "TechChallenge4.Api", "src\TechChallenge4.Api\TechChallenge4.Api.csproj", "{0A288BD1-4EC9-4F8E-955C-89DB5937F8D2}"
EndProject
Project("{2150E333-8FDC-42A3-9474-1A3956D46DE8}") = "3 - Presentation", "3 - Presentation", "{55B9B362-CD2B-40C8-8C9A-AA3B371655CB}"
EndProject
Project("{2150E333-8FDC-42A3-9474-1A3956D46DE8}") = "0 - Domain", "0 - Domain", "{79961BF8-26FB-449A-8FA1-34B6094BE5D9}"
EndProject
Project("{2150E333-8FDC-42A3-9474-1A3956D46DE8}") = "1 - Infra", "1 - Infra", "{754A1ABE-F170-4530-AAF1-26469D88E041}"
EndProject
Project("{9A19103F-16F7-4668-BE54-9A1E7A4F7556}") = "TechChallenge4.Domain", "src\TechChallenge4.Domain\TechChallenge4.Domain.csproj", "{5BA14841-338B-46DF-BD90-7F9B078210FB}"
EndProject
Project("{2150E333-8FDC-42A3-9474-1A3956D46DE8}") = "2 - Application", "2 - Application", "{C9E59C6F-EC82-40AB-8A28-6D54C7166A3A}"
EndProject
Project("{9A19103F-16F7-4668-BE54-9A1E7A4F7556}") = "TechChallenge4.Application", "src\TechChallenge4.Application\TechChallenge4.Application.csproj", "{8E26B53C-0062-4050-A37B-BAF50C692256}"
EndProject
Project("{2150E333-8FDC-42A3-9474-1A3956D46DE8}") = "IoC", "IoC", "{EDCD72E7-F325-494D-A493-BC8257BB1002}"
EndProject
Project("{9A19103F-16F7-4668-BE54-9A1E7A4F7556}") = "TechChallenge4.Infra.IoC", "src\TechChallenge4.Infra.IoC\TechChallenge4.Infra.IoC.csproj", "{6741DEA1-3B5C-43DB-8C9C-B10185FC35CB}"
EndProject
Project("{2150E333-8FDC-42A3-9474-1A3956D46DE8}") = "Data", "Data", "{9E5ED499-C3A0-4CE4-932B-909630122BD8}"
EndProject
Project("{9A19103F-16F7-4668-BE54-9A1E7A4F7556}") = "TechChallenge4.Infra.Data.Dapper", "src\TechChallenge4.Infra.Data\TechChallenge4.Infra.Data.Dapper.csproj", "{80E7B594-BC4F-4A94-91C2-1E5E249C6F78}"
EndProject
Project("{2150E333-8FDC-42A3-9474-1A3956D46DE8}") = "4 - Testes", "4 - Testes", "{E9CC1F32-203F-4675-B464-5874A32E4B72}"
EndProject
Project("{9A19103F-16F7-4668-BE54-9A1E7A4F7556}") = "TechChallenge4.Tests", "src\TechChallenge4.Tests\TechChallenge4.Tests.csproj", "{D07D818A-FE38-48A9-810B-96203CA77366}"
EndProject
Project("{2150E333-8FDC-42A3-9474-1A3956D46DE8}") = "Exception", "Exception", "{AD4652FE-F6D7-4118-BD56-1309D0BF1510}"
EndProject
Project("{9A19103F-16F7-4668-BE54-9A1E7A4F7556}") = "TechChallenge4.Infra.Exception", "src\TechChallenge4.Infra.Exception\TechChallenge4.Infra.Exception.csproj", "{CE3CE5A2-B5FA-407B-AF47-D5E4719FA565}"
EndProject
Project("{9A19103F-16F7-4668-BE54-9A1E7A4F7556}") = "TechChallenge4.Infra.Data.Ef", "src\TechChallenge4.Infra.Data.Ef\TechChallenge4.Infra.Data.Ef.csproj", "{E5538AE2-C39C-4293-8696-FBFB3B6BEFD7}"
EndProject
Project("{2150E333-8FDC-42A3-9474-1A3956D46DE8}") = "DatabaseInitializer", "DatabaseInitializer", "{3FA723D8-D26E-46FE-8DC0-9C0BAC26B618}"
EndProject
Project("{9A19103F-16F7-4668-BE54-9A1E7A4F7556}") = "TechChallenge4.Infra.DatabaseInitializers", "src\TechChallenge4.Infra.DatabaseInitializer\TechChallenge4.Infra.DatabaseInitializers.csproj", "{01C8ECE2-76D4-47E3-99D1-411891F4CF01}"
EndProject
Project("{9A19103F-16F7-4668-BE54-9A1E7A4F7556}") = "TechChallenge4.Consumidor", "src\TechChallenge4.Consumidor\TechChallenge4.Consumidor.csproj", "{4CECE98A-4E48-4DFE-B37A-76ED53940D32}"
EndProject
Project("{2150E333-8FDC-42A3-9474-1A3956D46DE8}") = "5 - Docker", "5 - Docker", "{F14864B4-A666-47D5-B576-143B653072A3}"
	ProjectSection(SolutionItems) = preProject
		Docker\docker-compose.yaml = Docker\docker-compose.yaml
		Docker\prometheus.yml = Docker\prometheus.yml
	EndProjectSection
EndProject
Project("{9A19103F-16F7-4668-BE54-9A1E7A4F7556}") = "ConsoleAppTesteRedeDosContainers", "src\ConsoleAppTesteRedeDosContainers\ConsoleAppTesteRedeDosContainers.csproj", "{314447D7-A072-4224-BD51-D9E89A6077E6}"
EndProject
Project("{2150E333-8FDC-42A3-9474-1A3956D46DE8}") = "6 - K8s", "6 - K8s", "{8C450BA8-E087-47FF-8C6F-5A5BFE90C9D9}"
	ProjectSection(SolutionItems) = preProject
		k8s\api-hpa.yaml = k8s\api-hpa.yaml
		k8s\docker-compose.yaml = k8s\docker-compose.yaml
		k8s\k8s-manifest.yaml = k8s\k8s-manifest.yaml
	EndProjectSection
EndProject
Project("{2150E333-8FDC-42A3-9474-1A3956D46DE8}") = "7 - Grafana", "7 - Grafana", "{4728ECA9-117B-42A2-A3D8-85E8AF1151D4}"
	ProjectSection(SolutionItems) = preProject
		Grafana\Dashboard Model Grafana.json = Grafana\Dashboard Model Grafana.json
	EndProjectSection
EndProject
Global
	GlobalSection(SolutionConfigurationPlatforms) = preSolution
		Debug|Any CPU = Debug|Any CPU
		Release|Any CPU = Release|Any CPU
	EndGlobalSection
	GlobalSection(ProjectConfigurationPlatforms) = postSolution
		{0A288BD1-4EC9-4F8E-955C-89DB5937F8D2}.Debug|Any CPU.ActiveCfg = Debug|Any CPU
		{0A288BD1-4EC9-4F8E-955C-89DB5937F8D2}.Debug|Any CPU.Build.0 = Debug|Any CPU
		{0A288BD1-4EC9-4F8E-955C-89DB5937F8D2}.Release|Any CPU.ActiveCfg = Release|Any CPU
		{0A288BD1-4EC9-4F8E-955C-89DB5937F8D2}.Release|Any CPU.Build.0 = Release|Any CPU
		{5BA14841-338B-46DF-BD90-7F9B078210FB}.Debug|Any CPU.ActiveCfg = Debug|Any CPU
		{5BA14841-338B-46DF-BD90-7F9B078210FB}.Debug|Any CPU.Build.0 = Debug|Any CPU
		{5BA14841-338B-46DF-BD90-7F9B078210FB}.Release|Any CPU.ActiveCfg = Release|Any CPU
		{5BA14841-338B-46DF-BD90-7F9B078210FB}.Release|Any CPU.Build.0 = Release|Any CPU
		{8E26B53C-0062-4050-A37B-BAF50C692256}.Debug|Any CPU.ActiveCfg = Debug|Any CPU
		{8E26B53C-0062-4050-A37B-BAF50C692256}.Debug|Any CPU.Build.0 = Debug|Any CPU
		{8E26B53C-0062-4050-A37B-BAF50C692256}.Release|Any CPU.ActiveCfg = Release|Any CPU
		{8E26B53C-0062-4050-A37B-BAF50C692256}.Release|Any CPU.Build.0 = Release|Any CPU
		{6741DEA1-3B5C-43DB-8C9C-B10185FC35CB}.Debug|Any CPU.ActiveCfg = Debug|Any CPU
		{6741DEA1-3B5C-43DB-8C9C-B10185FC35CB}.Debug|Any CPU.Build.0 = Debug|Any CPU
		{6741DEA1-3B5C-43DB-8C9C-B10185FC35CB}.Release|Any CPU.ActiveCfg = Release|Any CPU
		{6741DEA1-3B5C-43DB-8C9C-B10185FC35CB}.Release|Any CPU.Build.0 = Release|Any CPU
		{80E7B594-BC4F-4A94-91C2-1E5E249C6F78}.Debug|Any CPU.ActiveCfg = Debug|Any CPU
		{80E7B594-BC4F-4A94-91C2-1E5E249C6F78}.Debug|Any CPU.Build.0 = Debug|Any CPU
		{80E7B594-BC4F-4A94-91C2-1E5E249C6F78}.Release|Any CPU.ActiveCfg = Release|Any CPU
		{80E7B594-BC4F-4A94-91C2-1E5E249C6F78}.Release|Any CPU.Build.0 = Release|Any CPU
		{D07D818A-FE38-48A9-810B-96203CA77366}.Debug|Any CPU.ActiveCfg = Debug|Any CPU
		{D07D818A-FE38-48A9-810B-96203CA77366}.Debug|Any CPU.Build.0 = Debug|Any CPU
		{D07D818A-FE38-48A9-810B-96203CA77366}.Release|Any CPU.ActiveCfg = Release|Any CPU
		{D07D818A-FE38-48A9-810B-96203CA77366}.Release|Any CPU.Build.0 = Release|Any CPU
		{CE3CE5A2-B5FA-407B-AF47-D5E4719FA565}.Debug|Any CPU.ActiveCfg = Debug|Any CPU
		{CE3CE5A2-B5FA-407B-AF47-D5E4719FA565}.Debug|Any CPU.Build.0 = Debug|Any CPU
		{CE3CE5A2-B5FA-407B-AF47-D5E4719FA565}.Release|Any CPU.ActiveCfg = Release|Any CPU
		{CE3CE5A2-B5FA-407B-AF47-D5E4719FA565}.Release|Any CPU.Build.0 = Release|Any CPU
		{E5538AE2-C39C-4293-8696-FBFB3B6BEFD7}.Debug|Any CPU.ActiveCfg = Debug|Any CPU
		{E5538AE2-C39C-4293-8696-FBFB3B6BEFD7}.Debug|Any CPU.Build.0 = Debug|Any CPU
		{E5538AE2-C39C-4293-8696-FBFB3B6BEFD7}.Release|Any CPU.ActiveCfg = Release|Any CPU
		{E5538AE2-C39C-4293-8696-FBFB3B6BEFD7}.Release|Any CPU.Build.0 = Release|Any CPU
		{01C8ECE2-76D4-47E3-99D1-411891F4CF01}.Debug|Any CPU.ActiveCfg = Debug|Any CPU
		{01C8ECE2-76D4-47E3-99D1-411891F4CF01}.Debug|Any CPU.Build.0 = Debug|Any CPU
		{01C8ECE2-76D4-47E3-99D1-411891F4CF01}.Release|Any CPU.ActiveCfg = Release|Any CPU
		{01C8ECE2-76D4-47E3-99D1-411891F4CF01}.Release|Any CPU.Build.0 = Release|Any CPU
		{4CECE98A-4E48-4DFE-B37A-76ED53940D32}.Debug|Any CPU.ActiveCfg = Debug|Any CPU
		{4CECE98A-4E48-4DFE-B37A-76ED53940D32}.Debug|Any CPU.Build.0 = Debug|Any CPU
		{4CECE98A-4E48-4DFE-B37A-76ED53940D32}.Release|Any CPU.ActiveCfg = Release|Any CPU
		{4CECE98A-4E48-4DFE-B37A-76ED53940D32}.Release|Any CPU.Build.0 = Release|Any CPU
		{314447D7-A072-4224-BD51-D9E89A6077E6}.Debug|Any CPU.ActiveCfg = Debug|Any CPU
		{314447D7-A072-4224-BD51-D9E89A6077E6}.Debug|Any CPU.Build.0 = Debug|Any CPU
		{314447D7-A072-4224-BD51-D9E89A6077E6}.Release|Any CPU.ActiveCfg = Release|Any CPU
		{314447D7-A072-4224-BD51-D9E89A6077E6}.Release|Any CPU.Build.0 = Release|Any CPU
	EndGlobalSection
	GlobalSection(SolutionProperties) = preSolution
		HideSolutionNode = FALSE
	EndGlobalSection
	GlobalSection(NestedProjects) = preSolution
		{0A288BD1-4EC9-4F8E-955C-89DB5937F8D2} = {55B9B362-CD2B-40C8-8C9A-AA3B371655CB}
		{5BA14841-338B-46DF-BD90-7F9B078210FB} = {79961BF8-26FB-449A-8FA1-34B6094BE5D9}
		{8E26B53C-0062-4050-A37B-BAF50C692256} = {C9E59C6F-EC82-40AB-8A28-6D54C7166A3A}
		{EDCD72E7-F325-494D-A493-BC8257BB1002} = {754A1ABE-F170-4530-AAF1-26469D88E041}
		{6741DEA1-3B5C-43DB-8C9C-B10185FC35CB} = {EDCD72E7-F325-494D-A493-BC8257BB1002}
		{9E5ED499-C3A0-4CE4-932B-909630122BD8} = {754A1ABE-F170-4530-AAF1-26469D88E041}
		{80E7B594-BC4F-4A94-91C2-1E5E249C6F78} = {9E5ED499-C3A0-4CE4-932B-909630122BD8}
		{D07D818A-FE38-48A9-810B-96203CA77366} = {E9CC1F32-203F-4675-B464-5874A32E4B72}
		{AD4652FE-F6D7-4118-BD56-1309D0BF1510} = {754A1ABE-F170-4530-AAF1-26469D88E041}
		{CE3CE5A2-B5FA-407B-AF47-D5E4719FA565} = {AD4652FE-F6D7-4118-BD56-1309D0BF1510}
		{E5538AE2-C39C-4293-8696-FBFB3B6BEFD7} = {9E5ED499-C3A0-4CE4-932B-909630122BD8}
		{3FA723D8-D26E-46FE-8DC0-9C0BAC26B618} = {754A1ABE-F170-4530-AAF1-26469D88E041}
		{01C8ECE2-76D4-47E3-99D1-411891F4CF01} = {3FA723D8-D26E-46FE-8DC0-9C0BAC26B618}
		{4CECE98A-4E48-4DFE-B37A-76ED53940D32} = {55B9B362-CD2B-40C8-8C9A-AA3B371655CB}
		{314447D7-A072-4224-BD51-D9E89A6077E6} = {55B9B362-CD2B-40C8-8C9A-AA3B371655CB}
	EndGlobalSection
	GlobalSection(ExtensibilityGlobals) = postSolution
		SolutionGuid = {2701BCBE-E501-4EE1-AFF4-758CA4496649}
	EndGlobalSection
EndGlobal
